
Microsoft Visual Studio Solution File, Format Version 12.00
# Visual Studio Version 17
VisualStudioVersion = 17.0.31903.59
MinimumVisualStudioVersion = 10.0.40219.1
Project("{FAE04EC0-301F-11D3-BF4B-00C04F79EFBC}") = "Infrastructure", "Infrastructure\Infrastructure.csproj", "{D860B17B-0945-4E3D-A755-8528969958A6}"
EndProject
Project("{FAE04EC0-301F-11D3-BF4B-00C04F79EFBC}") = "MainApp", "MainApp\MainApp.csproj", "{9F8E9A5E-6C57-4A3B-A29A-2CDB2AE966C3}"
EndProject
Global
	GlobalSection(SolutionConfigurationPlatforms) = preSolution
		Debug|Any CPU = Debug|Any CPU
		Release|Any CPU = Release|Any CPU
	EndGlobalSection
	GlobalSection(SolutionProperties) = preSolution
		HideSolutionNode = FALSE
	EndGlobalSection
	GlobalSection(ProjectConfigurationPlatforms) = postSolution
		{D860B17B-0945-4E3D-A755-8528969958A6}.Debug|Any CPU.ActiveCfg = Debug|Any CPU
		{D860B17B-0945-4E3D-A755-8528969958A6}.Debug|Any CPU.Build.0 = Debug|Any CPU
		{D860B17B-0945-4E3D-A755-8528969958A6}.Release|Any CPU.ActiveCfg = Release|Any CPU
		{D860B17B-0945-4E3D-A755-8528969958A6}.Release|Any CPU.Build.0 = Release|Any CPU
		{9F8E9A5E-6C57-4A3B-A29A-2CDB2AE966C3}.Debug|Any CPU.ActiveCfg = Debug|Any CPU
		{9F8E9A5E-6C57-4A3B-A29A-2CDB2AE966C3}.Debug|Any CPU.Build.0 = Debug|Any CPU
		{9F8E9A5E-6C57-4A3B-A29A-2CDB2AE966C3}.Release|Any CPU.ActiveCfg = Release|Any CPU
		{9F8E9A5E-6C57-4A3B-A29A-2CDB2AE966C3}.Release|Any CPU.Build.0 = Release|Any CPU
	EndGlobalSection
EndGlobal
